
Microsoft Visual Studio Solution File, Format Version 12.00
# Visual Studio Version 17
VisualStudioVersion = 17.1.32421.90
MinimumVisualStudioVersion = 10.0.40219.1
Project("{9A19103F-16F7-4668-BE54-9A1E7A4F7556}") = "StpSDKSample", "..\quickstart\StpSDKSample.csproj", "{945CE766-6797-41A5-BEF5-AF443516A690}"
EndProject
Project("{9A19103F-16F7-4668-BE54-9A1E7A4F7556}") = "EditingSample", "EditingSample\EditingSample.csproj", "{B91D7C53-2393-40F3-9145-4A247FF0C687}"
EndProject
Project("{9A19103F-16F7-4668-BE54-9A1E7A4F7556}") = "TaskingSample", "TaskingSample\TaskingSample.csproj", "{C6BBAEF2-02FF-42D4-BF45-8AE8F04597D4}"
EndProject
Project("{2150E333-8FDC-42A3-9474-1A3956D46DE8}") = "Plugins", "Plugins", "{0AC31A7B-CD42-46D9-9D49-C9FB2401B808}"
EndProject
Project("{2150E333-8FDC-42A3-9474-1A3956D46DE8}") = "Mapping", "Mapping", "{22E9566F-49C1-44E5-AD64-3CC3CFFAEEF5}"
EndProject
Project("{9A19103F-16F7-4668-BE54-9A1E7A4F7556}") = "SimpleMapPlugin", "..\Plugins\Mapping\SimpleMapPlugin\SimpleMapPlugin.csproj", "{8D4E3C4A-39B8-43C6-9256-C34C7F5EFD46}"
EndProject
Project("{2150E333-8FDC-42A3-9474-1A3956D46DE8}") = "Samples", "Samples", "{49F4EEBE-7FA7-4D33-9154-FDE571FCDC15}"
	ProjectSection(SolutionItems) = preProject
		README.md = README.md
	EndProjectSection
EndProject
Project("{9A19103F-16F7-4668-BE54-9A1E7A4F7556}") = "ScenarioSample", "ScenarioSample\ScenarioSample.csproj", "{B2945FA2-3F00-4F2A-BE9A-95B778E2D526}"
EndProject
Global
	GlobalSection(SolutionConfigurationPlatforms) = preSolution
		Debug|Any CPU = Debug|Any CPU
		Debug|x64 = Debug|x64
		Debug|x86 = Debug|x86
		Release|Any CPU = Release|Any CPU
		Release|x64 = Release|x64
		Release|x86 = Release|x86
	EndGlobalSection
	GlobalSection(ProjectConfigurationPlatforms) = postSolution
		{945CE766-6797-41A5-BEF5-AF443516A690}.Debug|Any CPU.ActiveCfg = Debug|Any CPU
		{945CE766-6797-41A5-BEF5-AF443516A690}.Debug|Any CPU.Build.0 = Debug|Any CPU
		{945CE766-6797-41A5-BEF5-AF443516A690}.Debug|x64.ActiveCfg = Debug|Any CPU
		{945CE766-6797-41A5-BEF5-AF443516A690}.Debug|x64.Build.0 = Debug|Any CPU
		{945CE766-6797-41A5-BEF5-AF443516A690}.Debug|x86.ActiveCfg = Debug|Any CPU
		{945CE766-6797-41A5-BEF5-AF443516A690}.Debug|x86.Build.0 = Debug|Any CPU
		{945CE766-6797-41A5-BEF5-AF443516A690}.Release|Any CPU.ActiveCfg = Release|Any CPU
		{945CE766-6797-41A5-BEF5-AF443516A690}.Release|Any CPU.Build.0 = Release|Any CPU
		{945CE766-6797-41A5-BEF5-AF443516A690}.Release|x64.ActiveCfg = Release|Any CPU
		{945CE766-6797-41A5-BEF5-AF443516A690}.Release|x64.Build.0 = Release|Any CPU
		{945CE766-6797-41A5-BEF5-AF443516A690}.Release|x86.ActiveCfg = Release|Any CPU
		{945CE766-6797-41A5-BEF5-AF443516A690}.Release|x86.Build.0 = Release|Any CPU
		{B91D7C53-2393-40F3-9145-4A247FF0C687}.Debug|Any CPU.ActiveCfg = Debug|Any CPU
		{B91D7C53-2393-40F3-9145-4A247FF0C687}.Debug|Any CPU.Build.0 = Debug|Any CPU
		{B91D7C53-2393-40F3-9145-4A247FF0C687}.Debug|x64.ActiveCfg = Debug|Any CPU
		{B91D7C53-2393-40F3-9145-4A247FF0C687}.Debug|x64.Build.0 = Debug|Any CPU
		{B91D7C53-2393-40F3-9145-4A247FF0C687}.Debug|x86.ActiveCfg = Debug|Any CPU
		{B91D7C53-2393-40F3-9145-4A247FF0C687}.Debug|x86.Build.0 = Debug|Any CPU
		{B91D7C53-2393-40F3-9145-4A247FF0C687}.Release|Any CPU.ActiveCfg = Release|Any CPU
		{B91D7C53-2393-40F3-9145-4A247FF0C687}.Release|Any CPU.Build.0 = Release|Any CPU
		{B91D7C53-2393-40F3-9145-4A247FF0C687}.Release|x64.ActiveCfg = Release|Any CPU
		{B91D7C53-2393-40F3-9145-4A247FF0C687}.Release|x64.Build.0 = Release|Any CPU
		{B91D7C53-2393-40F3-9145-4A247FF0C687}.Release|x86.ActiveCfg = Release|Any CPU
		{B91D7C53-2393-40F3-9145-4A247FF0C687}.Release|x86.Build.0 = Release|Any CPU
		{C6BBAEF2-02FF-42D4-BF45-8AE8F04597D4}.Debug|Any CPU.ActiveCfg = Debug|Any CPU
		{C6BBAEF2-02FF-42D4-BF45-8AE8F04597D4}.Debug|Any CPU.Build.0 = Debug|Any CPU
		{C6BBAEF2-02FF-42D4-BF45-8AE8F04597D4}.Debug|x64.ActiveCfg = Debug|Any CPU
		{C6BBAEF2-02FF-42D4-BF45-8AE8F04597D4}.Debug|x64.Build.0 = Debug|Any CPU
		{C6BBAEF2-02FF-42D4-BF45-8AE8F04597D4}.Debug|x86.ActiveCfg = Debug|Any CPU
		{C6BBAEF2-02FF-42D4-BF45-8AE8F04597D4}.Debug|x86.Build.0 = Debug|Any CPU
		{C6BBAEF2-02FF-42D4-BF45-8AE8F04597D4}.Release|Any CPU.ActiveCfg = Release|Any CPU
		{C6BBAEF2-02FF-42D4-BF45-8AE8F04597D4}.Release|Any CPU.Build.0 = Release|Any CPU
		{C6BBAEF2-02FF-42D4-BF45-8AE8F04597D4}.Release|x64.ActiveCfg = Release|Any CPU
		{C6BBAEF2-02FF-42D4-BF45-8AE8F04597D4}.Release|x64.Build.0 = Release|Any CPU
		{C6BBAEF2-02FF-42D4-BF45-8AE8F04597D4}.Release|x86.ActiveCfg = Release|Any CPU
		{C6BBAEF2-02FF-42D4-BF45-8AE8F04597D4}.Release|x86.Build.0 = Release|Any CPU
		{8D4E3C4A-39B8-43C6-9256-C34C7F5EFD46}.Debug|Any CPU.ActiveCfg = Debug|Any CPU
		{8D4E3C4A-39B8-43C6-9256-C34C7F5EFD46}.Debug|Any CPU.Build.0 = Debug|Any CPU
		{8D4E3C4A-39B8-43C6-9256-C34C7F5EFD46}.Debug|x64.ActiveCfg = Debug|Any CPU
		{8D4E3C4A-39B8-43C6-9256-C34C7F5EFD46}.Debug|x64.Build.0 = Debug|Any CPU
		{8D4E3C4A-39B8-43C6-9256-C34C7F5EFD46}.Debug|x86.ActiveCfg = Debug|Any CPU
		{8D4E3C4A-39B8-43C6-9256-C34C7F5EFD46}.Debug|x86.Build.0 = Debug|Any CPU
		{8D4E3C4A-39B8-43C6-9256-C34C7F5EFD46}.Release|Any CPU.ActiveCfg = Release|Any CPU
		{8D4E3C4A-39B8-43C6-9256-C34C7F5EFD46}.Release|Any CPU.Build.0 = Release|Any CPU
		{8D4E3C4A-39B8-43C6-9256-C34C7F5EFD46}.Release|x64.ActiveCfg = Release|Any CPU
		{8D4E3C4A-39B8-43C6-9256-C34C7F5EFD46}.Release|x64.Build.0 = Release|Any CPU
		{8D4E3C4A-39B8-43C6-9256-C34C7F5EFD46}.Release|x86.ActiveCfg = Release|Any CPU
		{8D4E3C4A-39B8-43C6-9256-C34C7F5EFD46}.Release|x86.Build.0 = Release|Any CPU
		{B2945FA2-3F00-4F2A-BE9A-95B778E2D526}.Debug|Any CPU.ActiveCfg = Debug|Any CPU
		{B2945FA2-3F00-4F2A-BE9A-95B778E2D526}.Debug|Any CPU.Build.0 = Debug|Any CPU
		{B2945FA2-3F00-4F2A-BE9A-95B778E2D526}.Debug|x64.ActiveCfg = Debug|Any CPU
		{B2945FA2-3F00-4F2A-BE9A-95B778E2D526}.Debug|x64.Build.0 = Debug|Any CPU
		{B2945FA2-3F00-4F2A-BE9A-95B778E2D526}.Debug|x86.ActiveCfg = Debug|Any CPU
		{B2945FA2-3F00-4F2A-BE9A-95B778E2D526}.Debug|x86.Build.0 = Debug|Any CPU
		{B2945FA2-3F00-4F2A-BE9A-95B778E2D526}.Release|Any CPU.ActiveCfg = Release|Any CPU
		{B2945FA2-3F00-4F2A-BE9A-95B778E2D526}.Release|Any CPU.Build.0 = Release|Any CPU
		{B2945FA2-3F00-4F2A-BE9A-95B778E2D526}.Release|x64.ActiveCfg = Release|Any CPU
		{B2945FA2-3F00-4F2A-BE9A-95B778E2D526}.Release|x64.Build.0 = Release|Any CPU
		{B2945FA2-3F00-4F2A-BE9A-95B778E2D526}.Release|x86.ActiveCfg = Release|Any CPU
		{B2945FA2-3F00-4F2A-BE9A-95B778E2D526}.Release|x86.Build.0 = Release|Any CPU
	EndGlobalSection
	GlobalSection(SolutionProperties) = preSolution
		HideSolutionNode = FALSE
	EndGlobalSection
	GlobalSection(NestedProjects) = preSolution
		{945CE766-6797-41A5-BEF5-AF443516A690} = {49F4EEBE-7FA7-4D33-9154-FDE571FCDC15}
		{B91D7C53-2393-40F3-9145-4A247FF0C687} = {49F4EEBE-7FA7-4D33-9154-FDE571FCDC15}
		{C6BBAEF2-02FF-42D4-BF45-8AE8F04597D4} = {49F4EEBE-7FA7-4D33-9154-FDE571FCDC15}
		{22E9566F-49C1-44E5-AD64-3CC3CFFAEEF5} = {0AC31A7B-CD42-46D9-9D49-C9FB2401B808}
		{8D4E3C4A-39B8-43C6-9256-C34C7F5EFD46} = {22E9566F-49C1-44E5-AD64-3CC3CFFAEEF5}
		{B2945FA2-3F00-4F2A-BE9A-95B778E2D526} = {49F4EEBE-7FA7-4D33-9154-FDE571FCDC15}
	EndGlobalSection
	GlobalSection(ExtensibilityGlobals) = postSolution
		SolutionGuid = {78FC73E6-73B5-496B-B7DA-4E626D0F9CA1}
	EndGlobalSection
EndGlobal
