
Microsoft Visual Studio Solution File, Format Version 12.00
# Visual Studio Version 17
VisualStudioVersion = 17.1.32421.90
MinimumVisualStudioVersion = 10.0.40219.1
Project("{9A19103F-16F7-4668-BE54-9A1E7A4F7556}") = "StpSDKSample", "..\quickstart\StpSDKSample.csproj", "{945CE766-6797-41A5-BEF5-AF443516A690}"
EndProject
Project("{9A19103F-16F7-4668-BE54-9A1E7A4F7556}") = "EditingSample", "EditingSample\EditingSample.csproj", "{B91D7C53-2393-40F3-9145-4A247FF0C687}"
EndProject
Project("{9A19103F-16F7-4668-BE54-9A1E7A4F7556}") = "TaskingSample", "TaskingSample\TaskingSample.csproj", "{C6BBAEF2-02FF-42D4-BF45-8AE8F04597D4}"
EndProject
Project("{9A19103F-16F7-4668-BE54-9A1E7A4F7556}") = "ScenarioSample", "ScenarioSample\ScenarioSample.csproj", "{CD2BE548-A08B-43BC-B982-BD9179C4F1E3}"
EndProject
Project("{2150E333-8FDC-42A3-9474-1A3956D46DE8}") = "Plugins", "Plugins", "{0AC31A7B-CD42-46D9-9D49-C9FB2401B808}"
EndProject
Project("{2150E333-8FDC-42A3-9474-1A3956D46DE8}") = "Mapping", "Mapping", "{22E9566F-49C1-44E5-AD64-3CC3CFFAEEF5}"
EndProject
Project("{9A19103F-16F7-4668-BE54-9A1E7A4F7556}") = "SimpleMapPlugin", "..\Plugins\Mapping\SimpleMapPlugin\SimpleMapPlugin.csproj", "{8D4E3C4A-39B8-43C6-9256-C34C7F5EFD46}"
EndProject
Project("{2150E333-8FDC-42A3-9474-1A3956D46DE8}") = "Samples", "Samples", "{49F4EEBE-7FA7-4D33-9154-FDE571FCDC15}"
	ProjectSection(SolutionItems) = preProject
		README.md = README.md
	EndProjectSection
EndProject
Global
	GlobalSection(SolutionConfigurationPlatforms) = preSolution
		Debug|Any CPU = Debug|Any CPU
		Debug|x64 = Debug|x64
		Debug|x86 = Debug|x86
		Release|Any CPU = Release|Any CPU
		Release|x64 = Release|x64
		Release|x86 = Release|x86
	EndGlobalSection
	GlobalSection(ProjectConfigurationPlatforms) = postSolution
		{EA327FB5-8115-4A15-8AA9-5FD18000B8DF}.Debug|Any CPU.ActiveCfg = Debug|Any CPU
		{EA327FB5-8115-4A15-8AA9-5FD18000B8DF}.Debug|Any CPU.Build.0 = Debug|Any CPU
		{EA327FB5-8115-4A15-8AA9-5FD18000B8DF}.Debug|x64.ActiveCfg = Debug|Any CPU
		{EA327FB5-8115-4A15-8AA9-5FD18000B8DF}.Debug|x64.Build.0 = Debug|Any CPU
		{EA327FB5-8115-4A15-8AA9-5FD18000B8DF}.Debug|x86.ActiveCfg = Debug|Any CPU
		{EA327FB5-8115-4A15-8AA9-5FD18000B8DF}.Debug|x86.Build.0 = Debug|Any CPU
		{EA327FB5-8115-4A15-8AA9-5FD18000B8DF}.Release|Any CPU.ActiveCfg = Release|Any CPU
		{EA327FB5-8115-4A15-8AA9-5FD18000B8DF}.Release|Any CPU.Build.0 = Release|Any CPU
		{EA327FB5-8115-4A15-8AA9-5FD18000B8DF}.Release|x64.ActiveCfg = Release|Any CPU
		{EA327FB5-8115-4A15-8AA9-5FD18000B8DF}.Release|x64.Build.0 = Release|Any CPU
		{EA327FB5-8115-4A15-8AA9-5FD18000B8DF}.Release|x86.ActiveCfg = Release|Any CPU
		{EA327FB5-8115-4A15-8AA9-5FD18000B8DF}.Release|x86.Build.0 = Release|Any CPU
		{A70DB712-3A44-4C52-B14E-64EA0E6CF363}.Debug|Any CPU.ActiveCfg = Debug|Any CPU
		{A70DB712-3A44-4C52-B14E-64EA0E6CF363}.Debug|Any CPU.Build.0 = Debug|Any CPU
		{A70DB712-3A44-4C52-B14E-64EA0E6CF363}.Debug|x64.ActiveCfg = Debug|Any CPU
		{A70DB712-3A44-4C52-B14E-64EA0E6CF363}.Debug|x64.Build.0 = Debug|Any CPU
		{A70DB712-3A44-4C52-B14E-64EA0E6CF363}.Debug|x86.ActiveCfg = Debug|Any CPU
		{A70DB712-3A44-4C52-B14E-64EA0E6CF363}.Debug|x86.Build.0 = Debug|Any CPU
		{A70DB712-3A44-4C52-B14E-64EA0E6CF363}.Release|Any CPU.ActiveCfg = Release|Any CPU
		{A70DB712-3A44-4C52-B14E-64EA0E6CF363}.Release|Any CPU.Build.0 = Release|Any CPU
		{A70DB712-3A44-4C52-B14E-64EA0E6CF363}.Release|x64.ActiveCfg = Release|Any CPU
		{A70DB712-3A44-4C52-B14E-64EA0E6CF363}.Release|x64.Build.0 = Release|Any CPU
		{A70DB712-3A44-4C52-B14E-64EA0E6CF363}.Release|x86.ActiveCfg = Release|Any CPU
		{A70DB712-3A44-4C52-B14E-64EA0E6CF363}.Release|x86.Build.0 = Release|Any CPU
		{316B0B2F-E579-4FB4-9657-C87A89BAF773}.Debug|Any CPU.ActiveCfg = Debug|Any CPU
		{316B0B2F-E579-4FB4-9657-C87A89BAF773}.Debug|Any CPU.Build.0 = Debug|Any CPU
		{316B0B2F-E579-4FB4-9657-C87A89BAF773}.Debug|x64.ActiveCfg = Debug|Any CPU
		{316B0B2F-E579-4FB4-9657-C87A89BAF773}.Debug|x64.Build.0 = Debug|Any CPU
		{316B0B2F-E579-4FB4-9657-C87A89BAF773}.Debug|x86.ActiveCfg = Debug|Any CPU
		{316B0B2F-E579-4FB4-9657-C87A89BAF773}.Debug|x86.Build.0 = Debug|Any CPU
		{316B0B2F-E579-4FB4-9657-C87A89BAF773}.Release|Any CPU.ActiveCfg = Release|Any CPU
		{316B0B2F-E579-4FB4-9657-C87A89BAF773}.Release|Any CPU.Build.0 = Release|Any CPU
		{316B0B2F-E579-4FB4-9657-C87A89BAF773}.Release|x64.ActiveCfg = Release|Any CPU
		{316B0B2F-E579-4FB4-9657-C87A89BAF773}.Release|x64.Build.0 = Release|Any CPU
		{316B0B2F-E579-4FB4-9657-C87A89BAF773}.Release|x86.ActiveCfg = Release|Any CPU
		{316B0B2F-E579-4FB4-9657-C87A89BAF773}.Release|x86.Build.0 = Release|Any CPU
		{22F3777E-19F2-4437-A5AD-7140C8549C3E}.Debug|Any CPU.ActiveCfg = Debug|Any CPU
		{22F3777E-19F2-4437-A5AD-7140C8549C3E}.Debug|Any CPU.Build.0 = Debug|Any CPU
		{22F3777E-19F2-4437-A5AD-7140C8549C3E}.Debug|x64.ActiveCfg = Debug|Any CPU
		{22F3777E-19F2-4437-A5AD-7140C8549C3E}.Debug|x64.Build.0 = Debug|Any CPU
		{22F3777E-19F2-4437-A5AD-7140C8549C3E}.Debug|x86.ActiveCfg = Debug|Any CPU
		{22F3777E-19F2-4437-A5AD-7140C8549C3E}.Debug|x86.Build.0 = Debug|Any CPU
		{22F3777E-19F2-4437-A5AD-7140C8549C3E}.Release|Any CPU.ActiveCfg = Release|Any CPU
		{22F3777E-19F2-4437-A5AD-7140C8549C3E}.Release|Any CPU.Build.0 = Release|Any CPU
		{22F3777E-19F2-4437-A5AD-7140C8549C3E}.Release|x64.ActiveCfg = Release|Any CPU
		{22F3777E-19F2-4437-A5AD-7140C8549C3E}.Release|x64.Build.0 = Release|Any CPU
		{22F3777E-19F2-4437-A5AD-7140C8549C3E}.Release|x86.ActiveCfg = Release|Any CPU
		{22F3777E-19F2-4437-A5AD-7140C8549C3E}.Release|x86.Build.0 = Release|Any CPU
		{D314C4BE-FEE2-4237-B12A-155D9DCBE840}.Debug|Any CPU.ActiveCfg = Debug|Any CPU
		{D314C4BE-FEE2-4237-B12A-155D9DCBE840}.Debug|Any CPU.Build.0 = Debug|Any CPU
		{D314C4BE-FEE2-4237-B12A-155D9DCBE840}.Debug|x64.ActiveCfg = Debug|Any CPU
		{D314C4BE-FEE2-4237-B12A-155D9DCBE840}.Debug|x64.Build.0 = Debug|Any CPU
		{D314C4BE-FEE2-4237-B12A-155D9DCBE840}.Debug|x86.ActiveCfg = Debug|Any CPU
		{D314C4BE-FEE2-4237-B12A-155D9DCBE840}.Debug|x86.Build.0 = Debug|Any CPU
		{D314C4BE-FEE2-4237-B12A-155D9DCBE840}.Release|Any CPU.ActiveCfg = Release|Any CPU
		{D314C4BE-FEE2-4237-B12A-155D9DCBE840}.Release|Any CPU.Build.0 = Release|Any CPU
		{D314C4BE-FEE2-4237-B12A-155D9DCBE840}.Release|x64.ActiveCfg = Release|Any CPU
		{D314C4BE-FEE2-4237-B12A-155D9DCBE840}.Release|x64.Build.0 = Release|Any CPU
		{D314C4BE-FEE2-4237-B12A-155D9DCBE840}.Release|x86.ActiveCfg = Release|Any CPU
		{D314C4BE-FEE2-4237-B12A-155D9DCBE840}.Release|x86.Build.0 = Release|Any CPU
		{945CE766-6797-41A5-BEF5-AF443516A690}.Debug|Any CPU.ActiveCfg = Debug|Any CPU
		{945CE766-6797-41A5-BEF5-AF443516A690}.Debug|Any CPU.Build.0 = Debug|Any CPU
		{945CE766-6797-41A5-BEF5-AF443516A690}.Debug|x64.ActiveCfg = Debug|Any CPU
		{945CE766-6797-41A5-BEF5-AF443516A690}.Debug|x64.Build.0 = Debug|Any CPU
		{945CE766-6797-41A5-BEF5-AF443516A690}.Debug|x86.ActiveCfg = Debug|Any CPU
		{945CE766-6797-41A5-BEF5-AF443516A690}.Debug|x86.Build.0 = Debug|Any CPU
		{945CE766-6797-41A5-BEF5-AF443516A690}.Release|Any CPU.ActiveCfg = Release|Any CPU
		{945CE766-6797-41A5-BEF5-AF443516A690}.Release|Any CPU.Build.0 = Release|Any CPU
		{945CE766-6797-41A5-BEF5-AF443516A690}.Release|x64.ActiveCfg = Release|Any CPU
		{945CE766-6797-41A5-BEF5-AF443516A690}.Release|x64.Build.0 = Release|Any CPU
		{945CE766-6797-41A5-BEF5-AF443516A690}.Release|x86.ActiveCfg = Release|Any CPU
		{945CE766-6797-41A5-BEF5-AF443516A690}.Release|x86.Build.0 = Release|Any CPU
		{B91D7C53-2393-40F3-9145-4A247FF0C687}.Debug|Any CPU.ActiveCfg = Debug|Any CPU
		{B91D7C53-2393-40F3-9145-4A247FF0C687}.Debug|Any CPU.Build.0 = Debug|Any CPU
		{B91D7C53-2393-40F3-9145-4A247FF0C687}.Debug|x64.ActiveCfg = Debug|Any CPU
		{B91D7C53-2393-40F3-9145-4A247FF0C687}.Debug|x64.Build.0 = Debug|Any CPU
		{B91D7C53-2393-40F3-9145-4A247FF0C687}.Debug|x86.ActiveCfg = Debug|Any CPU
		{B91D7C53-2393-40F3-9145-4A247FF0C687}.Debug|x86.Build.0 = Debug|Any CPU
		{B91D7C53-2393-40F3-9145-4A247FF0C687}.Release|Any CPU.ActiveCfg = Release|Any CPU
		{B91D7C53-2393-40F3-9145-4A247FF0C687}.Release|Any CPU.Build.0 = Release|Any CPU
		{B91D7C53-2393-40F3-9145-4A247FF0C687}.Release|x64.ActiveCfg = Release|Any CPU
		{B91D7C53-2393-40F3-9145-4A247FF0C687}.Release|x64.Build.0 = Release|Any CPU
		{B91D7C53-2393-40F3-9145-4A247FF0C687}.Release|x86.ActiveCfg = Release|Any CPU
		{B91D7C53-2393-40F3-9145-4A247FF0C687}.Release|x86.Build.0 = Release|Any CPU
		{C6BBAEF2-02FF-42D4-BF45-8AE8F04597D4}.Debug|Any CPU.ActiveCfg = Debug|Any CPU
		{C6BBAEF2-02FF-42D4-BF45-8AE8F04597D4}.Debug|Any CPU.Build.0 = Debug|Any CPU
		{C6BBAEF2-02FF-42D4-BF45-8AE8F04597D4}.Debug|x64.ActiveCfg = Debug|Any CPU
		{C6BBAEF2-02FF-42D4-BF45-8AE8F04597D4}.Debug|x64.Build.0 = Debug|Any CPU
		{C6BBAEF2-02FF-42D4-BF45-8AE8F04597D4}.Debug|x86.ActiveCfg = Debug|Any CPU
		{C6BBAEF2-02FF-42D4-BF45-8AE8F04597D4}.Debug|x86.Build.0 = Debug|Any CPU
		{C6BBAEF2-02FF-42D4-BF45-8AE8F04597D4}.Release|Any CPU.ActiveCfg = Release|Any CPU
		{C6BBAEF2-02FF-42D4-BF45-8AE8F04597D4}.Release|Any CPU.Build.0 = Release|Any CPU
		{C6BBAEF2-02FF-42D4-BF45-8AE8F04597D4}.Release|x64.ActiveCfg = Release|Any CPU
		{C6BBAEF2-02FF-42D4-BF45-8AE8F04597D4}.Release|x64.Build.0 = Release|Any CPU
		{C6BBAEF2-02FF-42D4-BF45-8AE8F04597D4}.Release|x86.ActiveCfg = Release|Any CPU
		{C6BBAEF2-02FF-42D4-BF45-8AE8F04597D4}.Release|x86.Build.0 = Release|Any CPU
		{CD2BE548-A08B-43BC-B982-BD9179C4F1E3}.Debug|Any CPU.ActiveCfg = Debug|Any CPU
		{CD2BE548-A08B-43BC-B982-BD9179C4F1E3}.Debug|Any CPU.Build.0 = Debug|Any CPU
		{CD2BE548-A08B-43BC-B982-BD9179C4F1E3}.Debug|x64.ActiveCfg = Debug|Any CPU
		{CD2BE548-A08B-43BC-B982-BD9179C4F1E3}.Debug|x64.Build.0 = Debug|Any CPU
		{CD2BE548-A08B-43BC-B982-BD9179C4F1E3}.Debug|x86.ActiveCfg = Debug|Any CPU
		{CD2BE548-A08B-43BC-B982-BD9179C4F1E3}.Debug|x86.Build.0 = Debug|Any CPU
		{CD2BE548-A08B-43BC-B982-BD9179C4F1E3}.Release|Any CPU.ActiveCfg = Release|Any CPU
		{CD2BE548-A08B-43BC-B982-BD9179C4F1E3}.Release|Any CPU.Build.0 = Release|Any CPU
		{CD2BE548-A08B-43BC-B982-BD9179C4F1E3}.Release|x64.ActiveCfg = Release|Any CPU
		{CD2BE548-A08B-43BC-B982-BD9179C4F1E3}.Release|x64.Build.0 = Release|Any CPU
		{CD2BE548-A08B-43BC-B982-BD9179C4F1E3}.Release|x86.ActiveCfg = Release|Any CPU
		{CD2BE548-A08B-43BC-B982-BD9179C4F1E3}.Release|x86.Build.0 = Release|Any CPU
		{8D4E3C4A-39B8-43C6-9256-C34C7F5EFD46}.Debug|Any CPU.ActiveCfg = Debug|Any CPU
		{8D4E3C4A-39B8-43C6-9256-C34C7F5EFD46}.Debug|Any CPU.Build.0 = Debug|Any CPU
		{8D4E3C4A-39B8-43C6-9256-C34C7F5EFD46}.Debug|x64.ActiveCfg = Debug|Any CPU
		{8D4E3C4A-39B8-43C6-9256-C34C7F5EFD46}.Debug|x64.Build.0 = Debug|Any CPU
		{8D4E3C4A-39B8-43C6-9256-C34C7F5EFD46}.Debug|x86.ActiveCfg = Debug|Any CPU
		{8D4E3C4A-39B8-43C6-9256-C34C7F5EFD46}.Debug|x86.Build.0 = Debug|Any CPU
		{8D4E3C4A-39B8-43C6-9256-C34C7F5EFD46}.Release|Any CPU.ActiveCfg = Release|Any CPU
		{8D4E3C4A-39B8-43C6-9256-C34C7F5EFD46}.Release|Any CPU.Build.0 = Release|Any CPU
		{8D4E3C4A-39B8-43C6-9256-C34C7F5EFD46}.Release|x64.ActiveCfg = Release|Any CPU
		{8D4E3C4A-39B8-43C6-9256-C34C7F5EFD46}.Release|x64.Build.0 = Release|Any CPU
		{8D4E3C4A-39B8-43C6-9256-C34C7F5EFD46}.Release|x86.ActiveCfg = Release|Any CPU
		{8D4E3C4A-39B8-43C6-9256-C34C7F5EFD46}.Release|x86.Build.0 = Release|Any CPU
	EndGlobalSection
	GlobalSection(SolutionProperties) = preSolution
		HideSolutionNode = FALSE
	EndGlobalSection
	GlobalSection(NestedProjects) = preSolution
		{A70DB712-3A44-4C52-B14E-64EA0E6CF363} = {6E38965C-A1D3-41F0-9B59-3E7275055E5A}
		{316B0B2F-E579-4FB4-9657-C87A89BAF773} = {6E38965C-A1D3-41F0-9B59-3E7275055E5A}
		{22F3777E-19F2-4437-A5AD-7140C8549C3E} = {6E38965C-A1D3-41F0-9B59-3E7275055E5A}
		{D314C4BE-FEE2-4237-B12A-155D9DCBE840} = {6E38965C-A1D3-41F0-9B59-3E7275055E5A}
		{945CE766-6797-41A5-BEF5-AF443516A690} = {49F4EEBE-7FA7-4D33-9154-FDE571FCDC15}
		{B91D7C53-2393-40F3-9145-4A247FF0C687} = {49F4EEBE-7FA7-4D33-9154-FDE571FCDC15}
		{C6BBAEF2-02FF-42D4-BF45-8AE8F04597D4} = {49F4EEBE-7FA7-4D33-9154-FDE571FCDC15}
		{CD2BE548-A08B-43BC-B982-BD9179C4F1E3} = {49F4EEBE-7FA7-4D33-9154-FDE571FCDC15}
		{0AC31A7B-CD42-46D9-9D49-C9FB2401B808} = {2BECA3E3-890C-46A2-8059-CF41C72AD61F}
		{22E9566F-49C1-44E5-AD64-3CC3CFFAEEF5} = {0AC31A7B-CD42-46D9-9D49-C9FB2401B808}
		{8D4E3C4A-39B8-43C6-9256-C34C7F5EFD46} = {22E9566F-49C1-44E5-AD64-3CC3CFFAEEF5}
		{49F4EEBE-7FA7-4D33-9154-FDE571FCDC15} = {2BECA3E3-890C-46A2-8059-CF41C72AD61F}
	EndGlobalSection
	GlobalSection(ExtensibilityGlobals) = postSolution
		SolutionGuid = {78FC73E6-73B5-496B-B7DA-4E626D0F9CA1}
	EndGlobalSection
EndGlobal
